
Microsoft Visual Studio Solution File, Format Version 12.00
# Visual Studio Version 17
VisualStudioVersion = 17.5.33414.496
MinimumVisualStudioVersion = 10.0.40219.1
Project("{FAE04EC0-301F-11D3-BF4B-00C04F79EFBC}") = "zar_oyunu_ödev", "zar_oyunu_ödev\zar_oyunu_ödev.csproj", "{78660EFE-6C78-46DB-A54F-9D83596636A7}"
EndProject
Global
	GlobalSection(SolutionConfigurationPlatforms) = preSolution
		Debug|Any CPU = Debug|Any CPU
		Release|Any CPU = Release|Any CPU
	EndGlobalSection
	GlobalSection(ProjectConfigurationPlatforms) = postSolution
		{78660EFE-6C78-46DB-A54F-9D83596636A7}.Debug|Any CPU.ActiveCfg = Debug|Any CPU
		{78660EFE-6C78-46DB-A54F-9D83596636A7}.Debug|Any CPU.Build.0 = Debug|Any CPU
		{78660EFE-6C78-46DB-A54F-9D83596636A7}.Release|Any CPU.ActiveCfg = Release|Any CPU
		{78660EFE-6C78-46DB-A54F-9D83596636A7}.Release|Any CPU.Build.0 = Release|Any CPU
	EndGlobalSection
	GlobalSection(SolutionProperties) = preSolution
		HideSolutionNode = FALSE
	EndGlobalSection
	GlobalSection(ExtensibilityGlobals) = postSolution
		SolutionGuid = {57AFAC2C-88C6-431F-9A92-3FFA65CBFF2E}
	EndGlobalSection
EndGlobal
